// !$*UTF8*$!
{
	archiveVersion = 1;
	classes = {
	};
	objectVersion = 55;
	objects = {

/* Begin PBXBuildFile section */
		F36D5A56271C315B00E19222 /* AppDelegate.swift in Sources */ = {isa = PBXBuildFile; fileRef = F36D5A55271C315B00E19222 /* AppDelegate.swift */; };
		F36D5A58271C315B00E19222 /* SceneDelegate.swift in Sources */ = {isa = PBXBuildFile; fileRef = F36D5A57271C315B00E19222 /* SceneDelegate.swift */; };
		F36D5A5A271C315B00E19222 /* ViewController.swift in Sources */ = {isa = PBXBuildFile; fileRef = F36D5A59271C315B00E19222 /* ViewController.swift */; };
		F36D5A5D271C315B00E19222 /* Main.storyboard in Resources */ = {isa = PBXBuildFile; fileRef = F36D5A5B271C315B00E19222 /* Main.storyboard */; };
		F36D5A5F271C315C00E19222 /* Assets.xcassets in Resources */ = {isa = PBXBuildFile; fileRef = F36D5A5E271C315C00E19222 /* Assets.xcassets */; };
		F36D5A62271C315C00E19222 /* LaunchScreen.storyboard in Resources */ = {isa = PBXBuildFile; fileRef = F36D5A60271C315C00E19222 /* LaunchScreen.storyboard */; };
		F36D5A6D271C7E0B00E19222 /* Crypto.swift in Sources */ = {isa = PBXBuildFile; fileRef = F36D5A6C271C7E0B00E19222 /* Crypto.swift */; };
		F36D5A70271C82BA00E19222 /* Presenter.swift in Sources */ = {isa = PBXBuildFile; fileRef = F36D5A6F271C82BA00E19222 /* Presenter.swift */; };
		F36D5A72271C838000E19222 /* viewInputDelegate.swift in Sources */ = {isa = PBXBuildFile; fileRef = F36D5A71271C838000E19222 /* viewInputDelegate.swift */; };
		F36D5A74271CAEA600E19222 /* viewOutputDelegate.swift in Sources */ = {isa = PBXBuildFile; fileRef = F36D5A73271CAEA600E19222 /* viewOutputDelegate.swift */; };
/* End PBXBuildFile section */

/* Begin PBXFileReference section */
		F36D5A52271C315B00E19222 /* AppMVPTest.app */ = {isa = PBXFileReference; explicitFileType = wrapper.application; includeInIndex = 0; path = AppMVPTest.app; sourceTree = BUILT_PRODUCTS_DIR; };
		F36D5A55271C315B00E19222 /* AppDelegate.swift */ = {isa = PBXFileReference; lastKnownFileType = sourcecode.swift; path = AppDelegate.swift; sourceTree = "<group>"; };
		F36D5A57271C315B00E19222 /* SceneDelegate.swift */ = {isa = PBXFileReference; lastKnownFileType = sourcecode.swift; path = SceneDelegate.swift; sourceTree = "<group>"; };
		F36D5A59271C315B00E19222 /* ViewController.swift */ = {isa = PBXFileReference; lastKnownFileType = sourcecode.swift; path = ViewController.swift; sourceTree = "<group>"; };
		F36D5A5C271C315B00E19222 /* Base */ = {isa = PBXFileReference; lastKnownFileType = file.storyboard; name = Base; path = Base.lproj/Main.storyboard; sourceTree = "<group>"; };
		F36D5A5E271C315C00E19222 /* Assets.xcassets */ = {isa = PBXFileReference; lastKnownFileType = folder.assetcatalog; path = Assets.xcassets; sourceTree = "<group>"; };
		F36D5A61271C315C00E19222 /* Base */ = {isa = PBXFileReference; lastKnownFileType = file.storyboard; name = Base; path = Base.lproj/LaunchScreen.storyboard; sourceTree = "<group>"; };
		F36D5A63271C315C00E19222 /* Info.plist */ = {isa = PBXFileReference; lastKnownFileType = text.plist.xml; path = Info.plist; sourceTree = "<group>"; };
		F36D5A6C271C7E0B00E19222 /* Crypto.swift */ = {isa = PBXFileReference; lastKnownFileType = sourcecode.swift; path = Crypto.swift; sourceTree = "<group>"; };
		F36D5A6F271C82BA00E19222 /* Presenter.swift */ = {isa = PBXFileReference; lastKnownFileType = sourcecode.swift; path = Presenter.swift; sourceTree = "<group>"; };
		F36D5A71271C838000E19222 /* viewInputDelegate.swift */ = {isa = PBXFileReference; lastKnownFileType = sourcecode.swift; path = viewInputDelegate.swift; sourceTree = "<group>"; };
		F36D5A73271CAEA600E19222 /* viewOutputDelegate.swift */ = {isa = PBXFileReference; lastKnownFileType = sourcecode.swift; path = viewOutputDelegate.swift; sourceTree = "<group>"; };
/* End PBXFileReference section */

/* Begin PBXFrameworksBuildPhase section */
		F36D5A4F271C315B00E19222 /* Frameworks */ = {
			isa = PBXFrameworksBuildPhase;
			buildActionMask = 2147483647;
			files = (
			);
			runOnlyForDeploymentPostprocessing = 0;
		};
/* End PBXFrameworksBuildPhase section */

/* Begin PBXGroup section */
		F36D5A49271C315B00E19222 = {
			isa = PBXGroup;
			children = (
				F36D5A54271C315B00E19222 /* AppMVPTest */,
				F36D5A53271C315B00E19222 /* Products */,
			);
			sourceTree = "<group>";
		};
		F36D5A53271C315B00E19222 /* Products */ = {
			isa = PBXGroup;
			children = (
				F36D5A52271C315B00E19222 /* AppMVPTest.app */,
			);
			name = Products;
			sourceTree = "<group>";
		};
		F36D5A54271C315B00E19222 /* AppMVPTest */ = {
			isa = PBXGroup;
			children = (
				F36D5A6E271C82A700E19222 /* Presenter */,
				F36D5A6A271C7D9900E19222 /* Views */,
				F36D5A6B271C7DA500E19222 /* Models */,
				F36D5A69271C7D8E00E19222 /* App */,
				F36D5A5B271C315B00E19222 /* Main.storyboard */,
				F36D5A5E271C315C00E19222 /* Assets.xcassets */,
				F36D5A60271C315C00E19222 /* LaunchScreen.storyboard */,
				F36D5A63271C315C00E19222 /* Info.plist */,
			);
			path = AppMVPTest;
			sourceTree = "<group>";
		};
		F36D5A69271C7D8E00E19222 /* App */ = {
			isa = PBXGroup;
			children = (
				F36D5A55271C315B00E19222 /* AppDelegate.swift */,
				F36D5A57271C315B00E19222 /* SceneDelegate.swift */,
			);
			path = App;
			sourceTree = "<group>";
		};
		F36D5A6A271C7D9900E19222 /* Views */ = {
			isa = PBXGroup;
			children = (
				F36D5A59271C315B00E19222 /* ViewController.swift */,
				F36D5A71271C838000E19222 /* viewInputDelegate.swift */,
				F36D5A73271CAEA600E19222 /* viewOutputDelegate.swift */,
			);
			path = Views;
			sourceTree = "<group>";
		};
		F36D5A6B271C7DA500E19222 /* Models */ = {
			isa = PBXGroup;
			children = (
				F36D5A6C271C7E0B00E19222 /* Crypto.swift */,
			);
			path = Models;
			sourceTree = "<group>";
		};
		F36D5A6E271C82A700E19222 /* Presenter */ = {
			isa = PBXGroup;
			children = (
				F36D5A6F271C82BA00E19222 /* Presenter.swift */,
			);
			path = Presenter;
			sourceTree = "<group>";
		};
/* End PBXGroup section */

/* Begin PBXNativeTarget section */
		F36D5A51271C315B00E19222 /* AppMVPTest */ = {
			isa = PBXNativeTarget;
			buildConfigurationList = F36D5A66271C315C00E19222 /* Build configuration list for PBXNativeTarget "AppMVPTest" */;
			buildPhases = (
				F36D5A4E271C315B00E19222 /* Sources */,
				F36D5A4F271C315B00E19222 /* Frameworks */,
				F36D5A50271C315B00E19222 /* Resources */,
			);
			buildRules = (
			);
			dependencies = (
			);
			name = AppMVPTest;
			productName = AppMVPTest;
			productReference = F36D5A52271C315B00E19222 /* AppMVPTest.app */;
			productType = "com.apple.product-type.application";
		};
/* End PBXNativeTarget section */

/* Begin PBXProject section */
		F36D5A4A271C315B00E19222 /* Project object */ = {
			isa = PBXProject;
			attributes = {
				BuildIndependentTargetsInParallel = 1;
				LastSwiftUpdateCheck = 1300;
				LastUpgradeCheck = 1300;
				TargetAttributes = {
					F36D5A51271C315B00E19222 = {
						CreatedOnToolsVersion = 13.0;
					};
				};
			};
			buildConfigurationList = F36D5A4D271C315B00E19222 /* Build configuration list for PBXProject "AppMVPTest" */;
			compatibilityVersion = "Xcode 13.0";
			developmentRegion = en;
			hasScannedForEncodings = 0;
			knownRegions = (
				en,
				Base,
			);
			mainGroup = F36D5A49271C315B00E19222;
			productRefGroup = F36D5A53271C315B00E19222 /* Products */;
			projectDirPath = "";
			projectRoot = "";
			targets = (
				F36D5A51271C315B00E19222 /* AppMVPTest */,
			);
		};
/* End PBXProject section */

/* Begin PBXResourcesBuildPhase section */
		F36D5A50271C315B00E19222 /* Resources */ = {
			isa = PBXResourcesBuildPhase;
			buildActionMask = 2147483647;
			files = (
				F36D5A62271C315C00E19222 /* LaunchScreen.storyboard in Resources */,
				F36D5A5F271C315C00E19222 /* Assets.xcassets in Resources */,
				F36D5A5D271C315B00E19222 /* Main.storyboard in Resources */,
			);
			runOnlyForDeploymentPostprocessing = 0;
		};
/* End PBXResourcesBuildPhase section */

/* Begin PBXSourcesBuildPhase section */
		F36D5A4E271C315B00E19222 /* Sources */ = {
			isa = PBXSourcesBuildPhase;
			buildActionMask = 2147483647;
			files = (
				F36D5A6D271C7E0B00E19222 /* Crypto.swift in Sources */,
				F36D5A5A271C315B00E19222 /* ViewController.swift in Sources */,
				F36D5A56271C315B00E19222 /* AppDelegate.swift in Sources */,
				F36D5A58271C315B00E19222 /* SceneDelegate.swift in Sources */,
				F36D5A74271CAEA600E19222 /* viewOutputDelegate.swift in Sources */,
				F36D5A72271C838000E19222 /* viewInputDelegate.swift in Sources */,
				F36D5A70271C82BA00E19222 /* Presenter.swift in Sources */,
			);
			runOnlyForDeploymentPostprocessing = 0;
		};
/* End PBXSourcesBuildPhase section */

/* Begin PBXVariantGroup section */
		F36D5A5B271C315B00E19222 /* Main.storyboard */ = {
			isa = PBXVariantGroup;
			children = (
				F36D5A5C271C315B00E19222 /* Base */,
			);
			name = Main.storyboard;
			sourceTree = "<group>";
		};
		F36D5A60271C315C00E19222 /* LaunchScreen.storyboard */ = {
			isa = PBXVariantGroup;
			children = (
				F36D5A61271C315C00E19222 /* Base */,
			);
			name = LaunchScreen.storyboard;
			sourceTree = "<group>";
		};
/* End PBXVariantGroup section */

/* Begin XCBuildConfiguration section */
		F36D5A64271C315C00E19222 /* Debug */ = {
			isa = XCBuildConfiguration;
			buildSettings = {
				ALWAYS_SEARCH_USER_PATHS = NO;
				CLANG_ANALYZER_NONNULL = YES;
				CLANG_ANALYZER_NUMBER_OBJECT_CONVERSION = YES_AGGRESSIVE;
				CLANG_CXX_LANGUAGE_STANDARD = "gnu++17";
				CLANG_CXX_LIBRARY = "libc++";
				CLANG_ENABLE_MODULES = YES;
				CLANG_ENABLE_OBJC_ARC = YES;
				CLANG_ENABLE_OBJC_WEAK = YES;
				CLANG_WARN_BLOCK_CAPTURE_AUTORELEASING = YES;
				CLANG_WARN_BOOL_CONVERSION = YES;
				CLANG_WARN_COMMA = YES;
				CLANG_WARN_CONSTANT_CONVERSION = YES;
				CLANG_WARN_DEPRECATED_OBJC_IMPLEMENTATIONS = YES;
				CLANG_WARN_DIRECT_OBJC_ISA_USAGE = YES_ERROR;
				CLANG_WARN_DOCUMENTATION_COMMENTS = YES;
				CLANG_WARN_EMPTY_BODY = YES;
				CLANG_WARN_ENUM_CONVERSION = YES;
				CLANG_WARN_INFINITE_RECURSION = YES;
				CLANG_WARN_INT_CONVERSION = YES;
				CLANG_WARN_NON_LITERAL_NULL_CONVERSION = YES;
				CLANG_WARN_OBJC_IMPLICIT_RETAIN_SELF = YES;
				CLANG_WARN_OBJC_LITERAL_CONVERSION = YES;
				CLANG_WARN_OBJC_ROOT_CLASS = YES_ERROR;
				CLANG_WARN_QUOTED_INCLUDE_IN_FRAMEWORK_HEADER = YES;
				CLANG_WARN_RANGE_LOOP_ANALYSIS = YES;
				CLANG_WARN_STRICT_PROTOTYPES = YES;
				CLANG_WARN_SUSPICIOUS_MOVE = YES;
				CLANG_WARN_UNGUARDED_AVAILABILITY = YES_AGGRESSIVE;
				CLANG_WARN_UNREACHABLE_CODE = YES;
				CLANG_WARN__DUPLICATE_METHOD_MATCH = YES;
				COPY_PHASE_STRIP = NO;
				DEBUG_INFORMATION_FORMAT = dwarf;
				ENABLE_STRICT_OBJC_MSGSEND = YES;
				ENABLE_TESTABILITY = YES;
				GCC_C_LANGUAGE_STANDARD = gnu11;
				GCC_DYNAMIC_NO_PIC = NO;
				GCC_NO_COMMON_BLOCKS = YES;
				GCC_OPTIMIZATION_LEVEL = 0;
				GCC_PREPROCESSOR_DEFINITIONS = (
					"DEBUG=1",
					"$(inherited)",
				);
				GCC_WARN_64_TO_32_BIT_CONVERSION = YES;
				GCC_WARN_ABOUT_RETURN_TYPE = YES_ERROR;
				GCC_WARN_UNDECLARED_SELECTOR = YES;
				GCC_WARN_UNINITIALIZED_AUTOS = YES_AGGRESSIVE;
				GCC_WARN_UNUSED_FUNCTION = YES;
				GCC_WARN_UNUSED_VARIABLE = YES;
				IPHONEOS_DEPLOYMENT_TARGET = 15.0;
				MTL_ENABLE_DEBUG_INFO = INCLUDE_SOURCE;
				MTL_FAST_MATH = YES;
				ONLY_ACTIVE_ARCH = YES;
				SDKROOT = iphoneos;
				SWIFT_ACTIVE_COMPILATION_CONDITIONS = DEBUG;
				SWIFT_OPTIMIZATION_LEVEL = "-Onone";
			};
			name = Debug;
		};
		F36D5A65271C315C00E19222 /* Release */ = {
			isa = XCBuildConfiguration;
			buildSettings = {
				ALWAYS_SEARCH_USER_PATHS = NO;
				CLANG_ANALYZER_NONNULL = YES;
				CLANG_ANALYZER_NUMBER_OBJECT_CONVERSION = YES_AGGRESSIVE;
				CLANG_CXX_LANGUAGE_STANDARD = "gnu++17";
				CLANG_CXX_LIBRARY = "libc++";
				CLANG_ENABLE_MODULES = YES;
				CLANG_ENABLE_OBJC_ARC = YES;
				CLANG_ENABLE_OBJC_WEAK = YES;
				CLANG_WARN_BLOCK_CAPTURE_AUTORELEASING = YES;
				CLANG_WARN_BOOL_CONVERSION = YES;
				CLANG_WARN_COMMA = YES;
				CLANG_WARN_CONSTANT_CONVERSION = YES;
				CLANG_WARN_DEPRECATED_OBJC_IMPLEMENTATIONS = YES;
				CLANG_WARN_DIRECT_OBJC_ISA_USAGE = YES_ERROR;
				CLANG_WARN_DOCUMENTATION_COMMENTS = YES;
				CLANG_WARN_EMPTY_BODY = YES;
				CLANG_WARN_ENUM_CONVERSION = YES;
				CLANG_WARN_INFINITE_RECURSION = YES;
				CLANG_WARN_INT_CONVERSION = YES;
				CLANG_WARN_NON_LITERAL_NULL_CONVERSION = YES;
				CLANG_WARN_OBJC_IMPLICIT_RETAIN_SELF = YES;
				CLANG_WARN_OBJC_LITERAL_CONVERSION = YES;
				CLANG_WARN_OBJC_ROOT_CLASS = YES_ERROR;
				CLANG_WARN_QUOTED_INCLUDE_IN_FRAMEWORK_HEADER = YES;
				CLANG_WARN_RANGE_LOOP_ANALYSIS = YES;
				CLANG_WARN_STRICT_PROTOTYPES = YES;
				CLANG_WARN_SUSPICIOUS_MOVE = YES;
				CLANG_WARN_UNGUARDED_AVAILABILITY = YES_AGGRESSIVE;
				CLANG_WARN_UNREACHABLE_CODE = YES;
				CLANG_WARN__DUPLICATE_METHOD_MATCH = YES;
				COPY_PHASE_STRIP = NO;
				DEBUG_INFORMATION_FORMAT = "dwarf-with-dsym";
				ENABLE_NS_ASSERTIONS = NO;
				ENABLE_STRICT_OBJC_MSGSEND = YES;
				GCC_C_LANGUAGE_STANDARD = gnu11;
				GCC_NO_COMMON_BLOCKS = YES;
				GCC_WARN_64_TO_32_BIT_CONVERSION = YES;
				GCC_WARN_ABOUT_RETURN_TYPE = YES_ERROR;
				GCC_WARN_UNDECLARED_SELECTOR = YES;
				GCC_WARN_UNINITIALIZED_AUTOS = YES_AGGRESSIVE;
				GCC_WARN_UNUSED_FUNCTION = YES;
				GCC_WARN_UNUSED_VARIABLE = YES;
				IPHONEOS_DEPLOYMENT_TARGET = 15.0;
				MTL_ENABLE_DEBUG_INFO = NO;
				MTL_FAST_MATH = YES;
				SDKROOT = iphoneos;
				SWIFT_COMPILATION_MODE = wholemodule;
				SWIFT_OPTIMIZATION_LEVEL = "-O";
				VALIDATE_PRODUCT = YES;
			};
			name = Release;
		};
		F36D5A67271C315C00E19222 /* Debug */ = {
			isa = XCBuildConfiguration;
			buildSettings = {
				ASSETCATALOG_COMPILER_APPICON_NAME = AppIcon;
				ASSETCATALOG_COMPILER_GLOBAL_ACCENT_COLOR_NAME = AccentColor;
				CODE_SIGN_STYLE = Automatic;
				CURRENT_PROJECT_VERSION = 1;
				DEVELOPMENT_TEAM = 36UGUWSVU4;
				GENERATE_INFOPLIST_FILE = YES;
				INFOPLIST_FILE = AppMVPTest/Info.plist;
				INFOPLIST_KEY_UIApplicationSupportsIndirectInputEvents = YES;
				INFOPLIST_KEY_UILaunchStoryboardName = LaunchScreen;
				INFOPLIST_KEY_UIMainStoryboardFile = Main;
				INFOPLIST_KEY_UISupportedInterfaceOrientations_iPad = "UIInterfaceOrientationPortrait UIInterfaceOrientationPortraitUpsideDown UIInterfaceOrientationLandscapeLeft UIInterfaceOrientationLandscapeRight";
				INFOPLIST_KEY_UISupportedInterfaceOrientations_iPhone = "UIInterfaceOrientationPortrait UIInterfaceOrientationLandscapeLeft UIInterfaceOrientationLandscapeRight";
				LD_RUNPATH_SEARCH_PATHS = (
					"$(inherited)",
					"@executable_path/Frameworks",
				);
				MARKETING_VERSION = 1.0;
				PRODUCT_BUNDLE_IDENTIFIER = TheRamazan.AppMVPTest;
				PRODUCT_NAME = "$(TARGET_NAME)";
				SWIFT_EMIT_LOC_STRINGS = YES;
				SWIFT_VERSION = 5.0;
				TARGETED_DEVICE_FAMILY = "1,2";
			};
			name = Debug;
		};
		F36D5A68271C315C00E19222 /* Release */ = {
			isa = XCBuildConfiguration;
			buildSettings = {
				ASSETCATALOG_COMPILER_APPICON_NAME = AppIcon;
				ASSETCATALOG_COMPILER_GLOBAL_ACCENT_COLOR_NAME = AccentColor;
				CODE_SIGN_STYLE = Automatic;
				CURRENT_PROJECT_VERSION = 1;
				DEVELOPMENT_TEAM = 36UGUWSVU4;
				GENERATE_INFOPLIST_FILE = YES;
				INFOPLIST_FILE = AppMVPTest/Info.plist;
				INFOPLIST_KEY_UIApplicationSupportsIndirectInputEvents = YES;
				INFOPLIST_KEY_UILaunchStoryboardName = LaunchScreen;
				INFOPLIST_KEY_UIMainStoryboardFile = Main;
				INFOPLIST_KEY_UISupportedInterfaceOrientations_iPad = "UIInterfaceOrientationPortrait UIInterfaceOrientationPortraitUpsideDown UIInterfaceOrientationLandscapeLeft UIInterfaceOrientationLandscapeRight";
				INFOPLIST_KEY_UISupportedInterfaceOrientations_iPhone = "UIInterfaceOrientationPortrait UIInterfaceOrientationLandscapeLeft UIInterfaceOrientationLandscapeRight";
				LD_RUNPATH_SEARCH_PATHS = (
					"$(inherited)",
					"@executable_path/Frameworks",
				);
				MARKETING_VERSION = 1.0;
				PRODUCT_BUNDLE_IDENTIFIER = TheRamazan.AppMVPTest;
				PRODUCT_NAME = "$(TARGET_NAME)";
				SWIFT_EMIT_LOC_STRINGS = YES;
				SWIFT_VERSION = 5.0;
				TARGETED_DEVICE_FAMILY = "1,2";
			};
			name = Release;
		};
/* End XCBuildConfiguration section */

/* Begin XCConfigurationList section */
		F36D5A4D271C315B00E19222 /* Build configuration list for PBXProject "AppMVPTest" */ = {
			isa = XCConfigurationList;
			buildConfigurations = (
				F36D5A64271C315C00E19222 /* Debug */,
				F36D5A65271C315C00E19222 /* Release */,
			);
			defaultConfigurationIsVisible = 0;
			defaultConfigurationName = Release;
		};
		F36D5A66271C315C00E19222 /* Build configuration list for PBXNativeTarget "AppMVPTest" */ = {
			isa = XCConfigurationList;
			buildConfigurations = (
				F36D5A67271C315C00E19222 /* Debug */,
				F36D5A68271C315C00E19222 /* Release */,
			);
			defaultConfigurationIsVisible = 0;
			defaultConfigurationName = Release;
		};
/* End XCConfigurationList section */
	};
	rootObject = F36D5A4A271C315B00E19222 /* Project object */;
}
